{
    "name": "please-work",
    "requires": true,
    "lockfileVersion": 1,
    "dependencies": {
        "lpf": {
            "version": "1.0.0",
            "resolved": "https://registry.npmjs.org/lpf/-/lpf-1.0.0.tgz",
            "integrity": "sha1-cJ7TsWCzdUxr0sJrV1b0ScLp8Hw="
        }
    }
}
